
Microsoft Visual Studio Solution File, Format Version 12.00
# Visual Studio 2012
Project("{FAE04EC0-301F-11D3-BF4B-00C04F79EFBC}") = "Pollar", "Pollar\Pollar.csproj", "{E474775D-4884-4485-A1D2-4785FE643746}"
EndProject
Project("{FAE04EC0-301F-11D3-BF4B-00C04F79EFBC}") = "Pollar.UITests", "Pollar.UITests\Pollar.UITests.csproj", "{0B7D5435-F439-425C-957A-12629D5A66A1}"
EndProject
Global
	GlobalSection(SolutionConfigurationPlatforms) = preSolution
		Debug|Any CPU = Debug|Any CPU
		Release|Any CPU = Release|Any CPU
	EndGlobalSection
	GlobalSection(ProjectConfigurationPlatforms) = postSolution
		{0B7D5435-F439-425C-957A-12629D5A66A1}.Debug|Any CPU.ActiveCfg = Debug|Any CPU
		{0B7D5435-F439-425C-957A-12629D5A66A1}.Debug|Any CPU.Build.0 = Debug|Any CPU
		{0B7D5435-F439-425C-957A-12629D5A66A1}.Release|Any CPU.ActiveCfg = Release|Any CPU
		{0B7D5435-F439-425C-957A-12629D5A66A1}.Release|Any CPU.Build.0 = Release|Any CPU
		{E474775D-4884-4485-A1D2-4785FE643746}.Debug|Any CPU.ActiveCfg = Debug|Any CPU
		{E474775D-4884-4485-A1D2-4785FE643746}.Debug|Any CPU.Build.0 = Debug|Any CPU
		{E474775D-4884-4485-A1D2-4785FE643746}.Release|Any CPU.ActiveCfg = Release|Any CPU
		{E474775D-4884-4485-A1D2-4785FE643746}.Release|Any CPU.Build.0 = Release|Any CPU
	EndGlobalSection
EndGlobal
